// !$*UTF8*$!
{
	archiveVersion = 1;
	classes = {
	};
	objectVersion = 56;
	objects = {

/* Begin PBXBuildFile section */
		C8691C112AD3FFB100769DBF /* AppDelegate.swift in Sources */ = {isa = PBXBuildFile; fileRef = C8691C102AD3FFB100769DBF /* AppDelegate.swift */; };
		C8691C132AD3FFB100769DBF /* SceneDelegate.swift in Sources */ = {isa = PBXBuildFile; fileRef = C8691C122AD3FFB100769DBF /* SceneDelegate.swift */; };
		C8691C1A2AD3FFB500769DBF /* Assets.xcassets in Resources */ = {isa = PBXBuildFile; fileRef = C8691C192AD3FFB500769DBF /* Assets.xcassets */; };
		C8691C1D2AD3FFB500769DBF /* LaunchScreen.storyboard in Resources */ = {isa = PBXBuildFile; fileRef = C8691C1B2AD3FFB500769DBF /* LaunchScreen.storyboard */; };
		C8691C282AD3FFB600769DBF /* ReceiptShoppingAppTests.swift in Sources */ = {isa = PBXBuildFile; fileRef = C8691C272AD3FFB600769DBF /* ReceiptShoppingAppTests.swift */; };
		C8691C322AD3FFB600769DBF /* ReceiptShoppingAppUITests.swift in Sources */ = {isa = PBXBuildFile; fileRef = C8691C312AD3FFB600769DBF /* ReceiptShoppingAppUITests.swift */; };
		C8691C342AD3FFB600769DBF /* ReceiptShoppingAppUITestsLaunchTests.swift in Sources */ = {isa = PBXBuildFile; fileRef = C8691C332AD3FFB600769DBF /* ReceiptShoppingAppUITestsLaunchTests.swift */; };
/* End PBXBuildFile section */

/* Begin PBXContainerItemProxy section */
		C8691C242AD3FFB600769DBF /* PBXContainerItemProxy */ = {
			isa = PBXContainerItemProxy;
			containerPortal = C8691C052AD3FFB100769DBF /* Project object */;
			proxyType = 1;
			remoteGlobalIDString = C8691C0C2AD3FFB100769DBF;
			remoteInfo = ReceiptShoppingApp;
		};
		C8691C2E2AD3FFB600769DBF /* PBXContainerItemProxy */ = {
			isa = PBXContainerItemProxy;
			containerPortal = C8691C052AD3FFB100769DBF /* Project object */;
			proxyType = 1;
			remoteGlobalIDString = C8691C0C2AD3FFB100769DBF;
			remoteInfo = ReceiptShoppingApp;
		};
/* End PBXContainerItemProxy section */

/* Begin PBXFileReference section */
		C8691C0D2AD3FFB100769DBF /* ReceiptShoppingApp.app */ = {isa = PBXFileReference; explicitFileType = wrapper.application; includeInIndex = 0; path = ReceiptShoppingApp.app; sourceTree = BUILT_PRODUCTS_DIR; };
		C8691C102AD3FFB100769DBF /* AppDelegate.swift */ = {isa = PBXFileReference; lastKnownFileType = sourcecode.swift; path = AppDelegate.swift; sourceTree = "<group>"; };
		C8691C122AD3FFB100769DBF /* SceneDelegate.swift */ = {isa = PBXFileReference; lastKnownFileType = sourcecode.swift; path = SceneDelegate.swift; sourceTree = "<group>"; };
		C8691C192AD3FFB500769DBF /* Assets.xcassets */ = {isa = PBXFileReference; lastKnownFileType = folder.assetcatalog; path = Assets.xcassets; sourceTree = "<group>"; };
		C8691C1C2AD3FFB500769DBF /* Base */ = {isa = PBXFileReference; lastKnownFileType = file.storyboard; name = Base; path = Base.lproj/LaunchScreen.storyboard; sourceTree = "<group>"; };
		C8691C1E2AD3FFB500769DBF /* Info.plist */ = {isa = PBXFileReference; lastKnownFileType = text.plist.xml; path = Info.plist; sourceTree = "<group>"; };
		C8691C232AD3FFB600769DBF /* ReceiptShoppingAppTests.xctest */ = {isa = PBXFileReference; explicitFileType = wrapper.cfbundle; includeInIndex = 0; path = ReceiptShoppingAppTests.xctest; sourceTree = BUILT_PRODUCTS_DIR; };
		C8691C272AD3FFB600769DBF /* ReceiptShoppingAppTests.swift */ = {isa = PBXFileReference; lastKnownFileType = sourcecode.swift; path = ReceiptShoppingAppTests.swift; sourceTree = "<group>"; };
		C8691C2D2AD3FFB600769DBF /* ReceiptShoppingAppUITests.xctest */ = {isa = PBXFileReference; explicitFileType = wrapper.cfbundle; includeInIndex = 0; path = ReceiptShoppingAppUITests.xctest; sourceTree = BUILT_PRODUCTS_DIR; };
		C8691C312AD3FFB600769DBF /* ReceiptShoppingAppUITests.swift */ = {isa = PBXFileReference; lastKnownFileType = sourcecode.swift; path = ReceiptShoppingAppUITests.swift; sourceTree = "<group>"; };
		C8691C332AD3FFB600769DBF /* ReceiptShoppingAppUITestsLaunchTests.swift */ = {isa = PBXFileReference; lastKnownFileType = sourcecode.swift; path = ReceiptShoppingAppUITestsLaunchTests.swift; sourceTree = "<group>"; };
/* End PBXFileReference section */

/* Begin PBXFrameworksBuildPhase section */
		C8691C0A2AD3FFB100769DBF /* Frameworks */ = {
			isa = PBXFrameworksBuildPhase;
			buildActionMask = 2147483647;
			files = (
			);
			runOnlyForDeploymentPostprocessing = 0;
		};
		C8691C202AD3FFB600769DBF /* Frameworks */ = {
			isa = PBXFrameworksBuildPhase;
			buildActionMask = 2147483647;
			files = (
			);
			runOnlyForDeploymentPostprocessing = 0;
		};
		C8691C2A2AD3FFB600769DBF /* Frameworks */ = {
			isa = PBXFrameworksBuildPhase;
			buildActionMask = 2147483647;
			files = (
			);
			runOnlyForDeploymentPostprocessing = 0;
		};
/* End PBXFrameworksBuildPhase section */

/* Begin PBXGroup section */
		C8691C042AD3FFB100769DBF = {
			isa = PBXGroup;
			children = (
				C8691C0F2AD3FFB100769DBF /* ReceiptShoppingApp */,
				C8691C262AD3FFB600769DBF /* ReceiptShoppingAppTests */,
				C8691C302AD3FFB600769DBF /* ReceiptShoppingAppUITests */,
				C8691C0E2AD3FFB100769DBF /* Products */,
			);
			sourceTree = "<group>";
		};
		C8691C0E2AD3FFB100769DBF /* Products */ = {
			isa = PBXGroup;
			children = (
				C8691C0D2AD3FFB100769DBF /* ReceiptShoppingApp.app */,
				C8691C232AD3FFB600769DBF /* ReceiptShoppingAppTests.xctest */,
				C8691C2D2AD3FFB600769DBF /* ReceiptShoppingAppUITests.xctest */,
			);
			name = Products;
			sourceTree = "<group>";
		};
		C8691C0F2AD3FFB100769DBF /* ReceiptShoppingApp */ = {
			isa = PBXGroup;
			children = (
				C8691C102AD3FFB100769DBF /* AppDelegate.swift */,
				C8691C122AD3FFB100769DBF /* SceneDelegate.swift */,
				C8691C192AD3FFB500769DBF /* Assets.xcassets */,
				C8691C1B2AD3FFB500769DBF /* LaunchScreen.storyboard */,
				C8691C1E2AD3FFB500769DBF /* Info.plist */,
			);
			path = ReceiptShoppingApp;
			sourceTree = "<group>";
		};
		C8691C262AD3FFB600769DBF /* ReceiptShoppingAppTests */ = {
			isa = PBXGroup;
			children = (
				C8691C272AD3FFB600769DBF /* ReceiptShoppingAppTests.swift */,
			);
			path = ReceiptShoppingAppTests;
			sourceTree = "<group>";
		};
		C8691C302AD3FFB600769DBF /* ReceiptShoppingAppUITests */ = {
			isa = PBXGroup;
			children = (
				C8691C312AD3FFB600769DBF /* ReceiptShoppingAppUITests.swift */,
				C8691C332AD3FFB600769DBF /* ReceiptShoppingAppUITestsLaunchTests.swift */,
			);
			path = ReceiptShoppingAppUITests;
			sourceTree = "<group>";
		};
/* End PBXGroup section */

/* Begin PBXNativeTarget section */
		C8691C0C2AD3FFB100769DBF /* ReceiptShoppingApp */ = {
			isa = PBXNativeTarget;
			buildConfigurationList = C8691C372AD3FFB600769DBF /* Build configuration list for PBXNativeTarget "ReceiptShoppingApp" */;
			buildPhases = (
				C8691C092AD3FFB100769DBF /* Sources */,
				C8691C0A2AD3FFB100769DBF /* Frameworks */,
				C8691C0B2AD3FFB100769DBF /* Resources */,
			);
			buildRules = (
			);
			dependencies = (
			);
			name = ReceiptShoppingApp;
			productName = ReceiptShoppingApp;
			productReference = C8691C0D2AD3FFB100769DBF /* ReceiptShoppingApp.app */;
			productType = "com.apple.product-type.application";
		};
		C8691C222AD3FFB600769DBF /* ReceiptShoppingAppTests */ = {
			isa = PBXNativeTarget;
			buildConfigurationList = C8691C3A2AD3FFB600769DBF /* Build configuration list for PBXNativeTarget "ReceiptShoppingAppTests" */;
			buildPhases = (
				C8691C1F2AD3FFB600769DBF /* Sources */,
				C8691C202AD3FFB600769DBF /* Frameworks */,
				C8691C212AD3FFB600769DBF /* Resources */,
			);
			buildRules = (
			);
			dependencies = (
				C8691C252AD3FFB600769DBF /* PBXTargetDependency */,
			);
			name = ReceiptShoppingAppTests;
			productName = ReceiptShoppingAppTests;
			productReference = C8691C232AD3FFB600769DBF /* ReceiptShoppingAppTests.xctest */;
			productType = "com.apple.product-type.bundle.unit-test";
		};
		C8691C2C2AD3FFB600769DBF /* ReceiptShoppingAppUITests */ = {
			isa = PBXNativeTarget;
			buildConfigurationList = C8691C3D2AD3FFB600769DBF /* Build configuration list for PBXNativeTarget "ReceiptShoppingAppUITests" */;
			buildPhases = (
				C8691C292AD3FFB600769DBF /* Sources */,
				C8691C2A2AD3FFB600769DBF /* Frameworks */,
				C8691C2B2AD3FFB600769DBF /* Resources */,
			);
			buildRules = (
			);
			dependencies = (
				C8691C2F2AD3FFB600769DBF /* PBXTargetDependency */,
			);
			name = ReceiptShoppingAppUITests;
			productName = ReceiptShoppingAppUITests;
			productReference = C8691C2D2AD3FFB600769DBF /* ReceiptShoppingAppUITests.xctest */;
			productType = "com.apple.product-type.bundle.ui-testing";
		};
/* End PBXNativeTarget section */

/* Begin PBXProject section */
		C8691C052AD3FFB100769DBF /* Project object */ = {
			isa = PBXProject;
			attributes = {
				BuildIndependentTargetsInParallel = 1;
				LastSwiftUpdateCheck = 1430;
				LastUpgradeCheck = 1430;
				TargetAttributes = {
					C8691C0C2AD3FFB100769DBF = {
						CreatedOnToolsVersion = 14.3.1;
					};
					C8691C222AD3FFB600769DBF = {
						CreatedOnToolsVersion = 14.3.1;
						TestTargetID = C8691C0C2AD3FFB100769DBF;
					};
					C8691C2C2AD3FFB600769DBF = {
						CreatedOnToolsVersion = 14.3.1;
						TestTargetID = C8691C0C2AD3FFB100769DBF;
					};
				};
			};
			buildConfigurationList = C8691C082AD3FFB100769DBF /* Build configuration list for PBXProject "ReceiptShoppingApp" */;
			compatibilityVersion = "Xcode 14.0";
			developmentRegion = en;
			hasScannedForEncodings = 0;
			knownRegions = (
				en,
				Base,
			);
			mainGroup = C8691C042AD3FFB100769DBF;
			productRefGroup = C8691C0E2AD3FFB100769DBF /* Products */;
			projectDirPath = "";
			projectRoot = "";
			targets = (
				C8691C0C2AD3FFB100769DBF /* ReceiptShoppingApp */,
				C8691C222AD3FFB600769DBF /* ReceiptShoppingAppTests */,
				C8691C2C2AD3FFB600769DBF /* ReceiptShoppingAppUITests */,
			);
		};
/* End PBXProject section */

/* Begin PBXResourcesBuildPhase section */
		C8691C0B2AD3FFB100769DBF /* Resources */ = {
			isa = PBXResourcesBuildPhase;
			buildActionMask = 2147483647;
			files = (
				C8691C1D2AD3FFB500769DBF /* LaunchScreen.storyboard in Resources */,
				C8691C1A2AD3FFB500769DBF /* Assets.xcassets in Resources */,
			);
			runOnlyForDeploymentPostprocessing = 0;
		};
		C8691C212AD3FFB600769DBF /* Resources */ = {
			isa = PBXResourcesBuildPhase;
			buildActionMask = 2147483647;
			files = (
			);
			runOnlyForDeploymentPostprocessing = 0;
		};
		C8691C2B2AD3FFB600769DBF /* Resources */ = {
			isa = PBXResourcesBuildPhase;
			buildActionMask = 2147483647;
			files = (
			);
			runOnlyForDeploymentPostprocessing = 0;
		};
/* End PBXResourcesBuildPhase section */

/* Begin PBXSourcesBuildPhase section */
		C8691C092AD3FFB100769DBF /* Sources */ = {
			isa = PBXSourcesBuildPhase;
			buildActionMask = 2147483647;
			files = (
				C8691C112AD3FFB100769DBF /* AppDelegate.swift in Sources */,
				C8691C132AD3FFB100769DBF /* SceneDelegate.swift in Sources */,
			);
			runOnlyForDeploymentPostprocessing = 0;
		};
		C8691C1F2AD3FFB600769DBF /* Sources */ = {
			isa = PBXSourcesBuildPhase;
			buildActionMask = 2147483647;
			files = (
				C8691C282AD3FFB600769DBF /* ReceiptShoppingAppTests.swift in Sources */,
			);
			runOnlyForDeploymentPostprocessing = 0;
		};
		C8691C292AD3FFB600769DBF /* Sources */ = {
			isa = PBXSourcesBuildPhase;
			buildActionMask = 2147483647;
			files = (
				C8691C322AD3FFB600769DBF /* ReceiptShoppingAppUITests.swift in Sources */,
				C8691C342AD3FFB600769DBF /* ReceiptShoppingAppUITestsLaunchTests.swift in Sources */,
			);
			runOnlyForDeploymentPostprocessing = 0;
		};
/* End PBXSourcesBuildPhase section */

/* Begin PBXTargetDependency section */
		C8691C252AD3FFB600769DBF /* PBXTargetDependency */ = {
			isa = PBXTargetDependency;
			target = C8691C0C2AD3FFB100769DBF /* ReceiptShoppingApp */;
			targetProxy = C8691C242AD3FFB600769DBF /* PBXContainerItemProxy */;
		};
		C8691C2F2AD3FFB600769DBF /* PBXTargetDependency */ = {
			isa = PBXTargetDependency;
			target = C8691C0C2AD3FFB100769DBF /* ReceiptShoppingApp */;
			targetProxy = C8691C2E2AD3FFB600769DBF /* PBXContainerItemProxy */;
		};
/* End PBXTargetDependency section */

/* Begin PBXVariantGroup section */
		C8691C1B2AD3FFB500769DBF /* LaunchScreen.storyboard */ = {
			isa = PBXVariantGroup;
			children = (
				C8691C1C2AD3FFB500769DBF /* Base */,
			);
			name = LaunchScreen.storyboard;
			sourceTree = "<group>";
		};
/* End PBXVariantGroup section */

/* Begin XCBuildConfiguration section */
		C8691C352AD3FFB600769DBF /* Debug */ = {
			isa = XCBuildConfiguration;
			buildSettings = {
				ALWAYS_SEARCH_USER_PATHS = NO;
				CLANG_ANALYZER_NONNULL = YES;
				CLANG_ANALYZER_NUMBER_OBJECT_CONVERSION = YES_AGGRESSIVE;
				CLANG_CXX_LANGUAGE_STANDARD = "gnu++20";
				CLANG_ENABLE_MODULES = YES;
				CLANG_ENABLE_OBJC_ARC = YES;
				CLANG_ENABLE_OBJC_WEAK = YES;
				CLANG_WARN_BLOCK_CAPTURE_AUTORELEASING = YES;
				CLANG_WARN_BOOL_CONVERSION = YES;
				CLANG_WARN_COMMA = YES;
				CLANG_WARN_CONSTANT_CONVERSION = YES;
				CLANG_WARN_DEPRECATED_OBJC_IMPLEMENTATIONS = YES;
				CLANG_WARN_DIRECT_OBJC_ISA_USAGE = YES_ERROR;
				CLANG_WARN_DOCUMENTATION_COMMENTS = YES;
				CLANG_WARN_EMPTY_BODY = YES;
				CLANG_WARN_ENUM_CONVERSION = YES;
				CLANG_WARN_INFINITE_RECURSION = YES;
				CLANG_WARN_INT_CONVERSION = YES;
				CLANG_WARN_NON_LITERAL_NULL_CONVERSION = YES;
				CLANG_WARN_OBJC_IMPLICIT_RETAIN_SELF = YES;
				CLANG_WARN_OBJC_LITERAL_CONVERSION = YES;
				CLANG_WARN_OBJC_ROOT_CLASS = YES_ERROR;
				CLANG_WARN_QUOTED_INCLUDE_IN_FRAMEWORK_HEADER = YES;
				CLANG_WARN_RANGE_LOOP_ANALYSIS = YES;
				CLANG_WARN_STRICT_PROTOTYPES = YES;
				CLANG_WARN_SUSPICIOUS_MOVE = YES;
				CLANG_WARN_UNGUARDED_AVAILABILITY = YES_AGGRESSIVE;
				CLANG_WARN_UNREACHABLE_CODE = YES;
				CLANG_WARN__DUPLICATE_METHOD_MATCH = YES;
				COPY_PHASE_STRIP = NO;
				DEBUG_INFORMATION_FORMAT = dwarf;
				ENABLE_STRICT_OBJC_MSGSEND = YES;
				ENABLE_TESTABILITY = YES;
				GCC_C_LANGUAGE_STANDARD = gnu11;
				GCC_DYNAMIC_NO_PIC = NO;
				GCC_NO_COMMON_BLOCKS = YES;
				GCC_OPTIMIZATION_LEVEL = 0;
				GCC_PREPROCESSOR_DEFINITIONS = (
					"DEBUG=1",
					"$(inherited)",
				);
				GCC_WARN_64_TO_32_BIT_CONVERSION = YES;
				GCC_WARN_ABOUT_RETURN_TYPE = YES_ERROR;
				GCC_WARN_UNDECLARED_SELECTOR = YES;
				GCC_WARN_UNINITIALIZED_AUTOS = YES_AGGRESSIVE;
				GCC_WARN_UNUSED_FUNCTION = YES;
				GCC_WARN_UNUSED_VARIABLE = YES;
				IPHONEOS_DEPLOYMENT_TARGET = 16.4;
				MTL_ENABLE_DEBUG_INFO = INCLUDE_SOURCE;
				MTL_FAST_MATH = YES;
				ONLY_ACTIVE_ARCH = YES;
				SDKROOT = iphoneos;
				SWIFT_ACTIVE_COMPILATION_CONDITIONS = DEBUG;
				SWIFT_OPTIMIZATION_LEVEL = "-Onone";
			};
			name = Debug;
		};
		C8691C362AD3FFB600769DBF /* Release */ = {
			isa = XCBuildConfiguration;
			buildSettings = {
				ALWAYS_SEARCH_USER_PATHS = NO;
				CLANG_ANALYZER_NONNULL = YES;
				CLANG_ANALYZER_NUMBER_OBJECT_CONVERSION = YES_AGGRESSIVE;
				CLANG_CXX_LANGUAGE_STANDARD = "gnu++20";
				CLANG_ENABLE_MODULES = YES;
				CLANG_ENABLE_OBJC_ARC = YES;
				CLANG_ENABLE_OBJC_WEAK = YES;
				CLANG_WARN_BLOCK_CAPTURE_AUTORELEASING = YES;
				CLANG_WARN_BOOL_CONVERSION = YES;
				CLANG_WARN_COMMA = YES;
				CLANG_WARN_CONSTANT_CONVERSION = YES;
				CLANG_WARN_DEPRECATED_OBJC_IMPLEMENTATIONS = YES;
				CLANG_WARN_DIRECT_OBJC_ISA_USAGE = YES_ERROR;
				CLANG_WARN_DOCUMENTATION_COMMENTS = YES;
				CLANG_WARN_EMPTY_BODY = YES;
				CLANG_WARN_ENUM_CONVERSION = YES;
				CLANG_WARN_INFINITE_RECURSION = YES;
				CLANG_WARN_INT_CONVERSION = YES;
				CLANG_WARN_NON_LITERAL_NULL_CONVERSION = YES;
				CLANG_WARN_OBJC_IMPLICIT_RETAIN_SELF = YES;
				CLANG_WARN_OBJC_LITERAL_CONVERSION = YES;
				CLANG_WARN_OBJC_ROOT_CLASS = YES_ERROR;
				CLANG_WARN_QUOTED_INCLUDE_IN_FRAMEWORK_HEADER = YES;
				CLANG_WARN_RANGE_LOOP_ANALYSIS = YES;
				CLANG_WARN_STRICT_PROTOTYPES = YES;
				CLANG_WARN_SUSPICIOUS_MOVE = YES;
				CLANG_WARN_UNGUARDED_AVAILABILITY = YES_AGGRESSIVE;
				CLANG_WARN_UNREACHABLE_CODE = YES;
				CLANG_WARN__DUPLICATE_METHOD_MATCH = YES;
				COPY_PHASE_STRIP = NO;
				DEBUG_INFORMATION_FORMAT = "dwarf-with-dsym";
				ENABLE_NS_ASSERTIONS = NO;
				ENABLE_STRICT_OBJC_MSGSEND = YES;
				GCC_C_LANGUAGE_STANDARD = gnu11;
				GCC_NO_COMMON_BLOCKS = YES;
				GCC_WARN_64_TO_32_BIT_CONVERSION = YES;
				GCC_WARN_ABOUT_RETURN_TYPE = YES_ERROR;
				GCC_WARN_UNDECLARED_SELECTOR = YES;
				GCC_WARN_UNINITIALIZED_AUTOS = YES_AGGRESSIVE;
				GCC_WARN_UNUSED_FUNCTION = YES;
				GCC_WARN_UNUSED_VARIABLE = YES;
				IPHONEOS_DEPLOYMENT_TARGET = 16.4;
				MTL_ENABLE_DEBUG_INFO = NO;
				MTL_FAST_MATH = YES;
				SDKROOT = iphoneos;
				SWIFT_COMPILATION_MODE = wholemodule;
				SWIFT_OPTIMIZATION_LEVEL = "-O";
				VALIDATE_PRODUCT = YES;
			};
			name = Release;
		};
		C8691C382AD3FFB600769DBF /* Debug */ = {
			isa = XCBuildConfiguration;
			buildSettings = {
				ASSETCATALOG_COMPILER_APPICON_NAME = AppIcon;
				ASSETCATALOG_COMPILER_GLOBAL_ACCENT_COLOR_NAME = AccentColor;
				CODE_SIGN_STYLE = Automatic;
				CURRENT_PROJECT_VERSION = 1;
				DEVELOPMENT_TEAM = A576YFG6SP;
				GENERATE_INFOPLIST_FILE = YES;
				INFOPLIST_FILE = ReceiptShoppingApp/Info.plist;
				INFOPLIST_KEY_UIApplicationSupportsIndirectInputEvents = YES;
				INFOPLIST_KEY_UILaunchStoryboardName = LaunchScreen;
				INFOPLIST_KEY_UISupportedInterfaceOrientations_iPad = "UIInterfaceOrientationPortrait UIInterfaceOrientationPortraitUpsideDown UIInterfaceOrientationLandscapeLeft UIInterfaceOrientationLandscapeRight";
				INFOPLIST_KEY_UISupportedInterfaceOrientations_iPhone = "UIInterfaceOrientationPortrait UIInterfaceOrientationLandscapeLeft UIInterfaceOrientationLandscapeRight";
				LD_RUNPATH_SEARCH_PATHS = (
					"$(inherited)",
					"@executable_path/Frameworks",
				);
				MARKETING_VERSION = 1.0;
				PRODUCT_BUNDLE_IDENTIFIER = com.oshige.dev.ReceiptShoppingApp;
				PRODUCT_NAME = "$(TARGET_NAME)";
				SWIFT_EMIT_LOC_STRINGS = YES;
				SWIFT_VERSION = 5.0;
				TARGETED_DEVICE_FAMILY = "1,2";
			};
			name = Debug;
		};
		C8691C392AD3FFB600769DBF /* Release */ = {
			isa = XCBuildConfiguration;
			buildSettings = {
				ASSETCATALOG_COMPILER_APPICON_NAME = AppIcon;
				ASSETCATALOG_COMPILER_GLOBAL_ACCENT_COLOR_NAME = AccentColor;
				CODE_SIGN_STYLE = Automatic;
				CURRENT_PROJECT_VERSION = 1;
				DEVELOPMENT_TEAM = A576YFG6SP;
				GENERATE_INFOPLIST_FILE = YES;
				INFOPLIST_FILE = ReceiptShoppingApp/Info.plist;
				INFOPLIST_KEY_UIApplicationSupportsIndirectInputEvents = YES;
				INFOPLIST_KEY_UILaunchStoryboardName = LaunchScreen;
				INFOPLIST_KEY_UISupportedInterfaceOrientations_iPad = "UIInterfaceOrientationPortrait UIInterfaceOrientationPortraitUpsideDown UIInterfaceOrientationLandscapeLeft UIInterfaceOrientationLandscapeRight";
				INFOPLIST_KEY_UISupportedInterfaceOrientations_iPhone = "UIInterfaceOrientationPortrait UIInterfaceOrientationLandscapeLeft UIInterfaceOrientationLandscapeRight";
				LD_RUNPATH_SEARCH_PATHS = (
					"$(inherited)",
					"@executable_path/Frameworks",
				);
				MARKETING_VERSION = 1.0;
				PRODUCT_BUNDLE_IDENTIFIER = com.oshige.dev.ReceiptShoppingApp;
				PRODUCT_NAME = "$(TARGET_NAME)";
				SWIFT_EMIT_LOC_STRINGS = YES;
				SWIFT_VERSION = 5.0;
				TARGETED_DEVICE_FAMILY = "1,2";
			};
			name = Release;
		};
		C8691C3B2AD3FFB600769DBF /* Debug */ = {
			isa = XCBuildConfiguration;
			buildSettings = {
				ALWAYS_EMBED_SWIFT_STANDARD_LIBRARIES = YES;
				BUNDLE_LOADER = "$(TEST_HOST)";
				CODE_SIGN_STYLE = Automatic;
				CURRENT_PROJECT_VERSION = 1;
				DEVELOPMENT_TEAM = A576YFG6SP;
				GENERATE_INFOPLIST_FILE = YES;
				IPHONEOS_DEPLOYMENT_TARGET = 16.4;
				MARKETING_VERSION = 1.0;
				PRODUCT_BUNDLE_IDENTIFIER = com.oshige.dev.ReceiptShoppingAppTests;
				PRODUCT_NAME = "$(TARGET_NAME)";
				SWIFT_EMIT_LOC_STRINGS = NO;
				SWIFT_VERSION = 5.0;
				TARGETED_DEVICE_FAMILY = "1,2";
				TEST_HOST = "$(BUILT_PRODUCTS_DIR)/ReceiptShoppingApp.app/$(BUNDLE_EXECUTABLE_FOLDER_PATH)/ReceiptShoppingApp";
			};
			name = Debug;
		};
		C8691C3C2AD3FFB600769DBF /* Release */ = {
			isa = XCBuildConfiguration;
			buildSettings = {
				ALWAYS_EMBED_SWIFT_STANDARD_LIBRARIES = YES;
				BUNDLE_LOADER = "$(TEST_HOST)";
				CODE_SIGN_STYLE = Automatic;
				CURRENT_PROJECT_VERSION = 1;
				DEVELOPMENT_TEAM = A576YFG6SP;
				GENERATE_INFOPLIST_FILE = YES;
				IPHONEOS_DEPLOYMENT_TARGET = 16.4;
				MARKETING_VERSION = 1.0;
				PRODUCT_BUNDLE_IDENTIFIER = com.oshige.dev.ReceiptShoppingAppTests;
				PRODUCT_NAME = "$(TARGET_NAME)";
				SWIFT_EMIT_LOC_STRINGS = NO;
				SWIFT_VERSION = 5.0;
				TARGETED_DEVICE_FAMILY = "1,2";
				TEST_HOST = "$(BUILT_PRODUCTS_DIR)/ReceiptShoppingApp.app/$(BUNDLE_EXECUTABLE_FOLDER_PATH)/ReceiptShoppingApp";
			};
			name = Release;
		};
		C8691C3E2AD3FFB600769DBF /* Debug */ = {
			isa = XCBuildConfiguration;
			buildSettings = {
				ALWAYS_EMBED_SWIFT_STANDARD_LIBRARIES = YES;
				CODE_SIGN_STYLE = Automatic;
				CURRENT_PROJECT_VERSION = 1;
				DEVELOPMENT_TEAM = A576YFG6SP;
				GENERATE_INFOPLIST_FILE = YES;
				MARKETING_VERSION = 1.0;
				PRODUCT_BUNDLE_IDENTIFIER = com.oshige.dev.ReceiptShoppingAppUITests;
				PRODUCT_NAME = "$(TARGET_NAME)";
				SWIFT_EMIT_LOC_STRINGS = NO;
				SWIFT_VERSION = 5.0;
				TARGETED_DEVICE_FAMILY = "1,2";
				TEST_TARGET_NAME = ReceiptShoppingApp;
			};
			name = Debug;
		};
		C8691C3F2AD3FFB600769DBF /* Release */ = {
			isa = XCBuildConfiguration;
			buildSettings = {
				ALWAYS_EMBED_SWIFT_STANDARD_LIBRARIES = YES;
				CODE_SIGN_STYLE = Automatic;
				CURRENT_PROJECT_VERSION = 1;
				DEVELOPMENT_TEAM = A576YFG6SP;
				GENERATE_INFOPLIST_FILE = YES;
				MARKETING_VERSION = 1.0;
				PRODUCT_BUNDLE_IDENTIFIER = com.oshige.dev.ReceiptShoppingAppUITests;
				PRODUCT_NAME = "$(TARGET_NAME)";
				SWIFT_EMIT_LOC_STRINGS = NO;
				SWIFT_VERSION = 5.0;
				TARGETED_DEVICE_FAMILY = "1,2";
				TEST_TARGET_NAME = ReceiptShoppingApp;
			};
			name = Release;
		};
/* End XCBuildConfiguration section */

/* Begin XCConfigurationList section */
		C8691C082AD3FFB100769DBF /* Build configuration list for PBXProject "ReceiptShoppingApp" */ = {
			isa = XCConfigurationList;
			buildConfigurations = (
				C8691C352AD3FFB600769DBF /* Debug */,
				C8691C362AD3FFB600769DBF /* Release */,
			);
			defaultConfigurationIsVisible = 0;
			defaultConfigurationName = Release;
		};
		C8691C372AD3FFB600769DBF /* Build configuration list for PBXNativeTarget "ReceiptShoppingApp" */ = {
			isa = XCConfigurationList;
			buildConfigurations = (
				C8691C382AD3FFB600769DBF /* Debug */,
				C8691C392AD3FFB600769DBF /* Release */,
			);
			defaultConfigurationIsVisible = 0;
			defaultConfigurationName = Release;
		};
		C8691C3A2AD3FFB600769DBF /* Build configuration list for PBXNativeTarget "ReceiptShoppingAppTests" */ = {
			isa = XCConfigurationList;
			buildConfigurations = (
				C8691C3B2AD3FFB600769DBF /* Debug */,
				C8691C3C2AD3FFB600769DBF /* Release */,
			);
			defaultConfigurationIsVisible = 0;
			defaultConfigurationName = Release;
		};
		C8691C3D2AD3FFB600769DBF /* Build configuration list for PBXNativeTarget "ReceiptShoppingAppUITests" */ = {
			isa = XCConfigurationList;
			buildConfigurations = (
				C8691C3E2AD3FFB600769DBF /* Debug */,
				C8691C3F2AD3FFB600769DBF /* Release */,
			);
			defaultConfigurationIsVisible = 0;
			defaultConfigurationName = Release;
		};
/* End XCConfigurationList section */
	};
	rootObject = C8691C052AD3FFB100769DBF /* Project object */;
}
