// !$*UTF8*$!
{
	archiveVersion = 1;
	classes = {
	};
	objectVersion = 56;
	objects = {

/* Begin PBXBuildFile section */
		427F9807191999956349F7AA /* Pods_ReceiptShoppingApp.framework in Frameworks */ = {isa = PBXBuildFile; fileRef = B8277931483B1F2C7CE2C959 /* Pods_ReceiptShoppingApp.framework */; };
		6321F9FF5A1B85687E80388E /* Pods_ReceiptShoppingApp_ReceiptShoppingAppUITests.framework in Frameworks */ = {isa = PBXBuildFile; fileRef = 107D9BAFAAF1C67874CEC732 /* Pods_ReceiptShoppingApp_ReceiptShoppingAppUITests.framework */; };
		C8668FF12AD40CA300587F55 /* HomeViewController.swift in Sources */ = {isa = PBXBuildFile; fileRef = C8668FEF2AD40CA300587F55 /* HomeViewController.swift */; };
		C8668FF22AD40CA300587F55 /* HomeViewController.xib in Resources */ = {isa = PBXBuildFile; fileRef = C8668FF02AD40CA300587F55 /* HomeViewController.xib */; };
		C8668FF52AD40D7400587F55 /* MemoDetailViewController.swift in Sources */ = {isa = PBXBuildFile; fileRef = C8668FF32AD40D7400587F55 /* MemoDetailViewController.swift */; };
		C8668FF62AD40D7400587F55 /* MemoDetailViewController.xib in Resources */ = {isa = PBXBuildFile; fileRef = C8668FF42AD40D7400587F55 /* MemoDetailViewController.xib */; };
		C8668FF92AD40D9000587F55 /* TableViewCell.swift in Sources */ = {isa = PBXBuildFile; fileRef = C8668FF72AD40D9000587F55 /* TableViewCell.swift */; };
		C8668FFA2AD40D9000587F55 /* TableViewCell.xib in Resources */ = {isa = PBXBuildFile; fileRef = C8668FF82AD40D9000587F55 /* TableViewCell.xib */; };
		C8668FFD2AD40DC600587F55 /* AddButtonTableViewCell.swift in Sources */ = {isa = PBXBuildFile; fileRef = C8668FFB2AD40DC600587F55 /* AddButtonTableViewCell.swift */; };
		C8668FFE2AD40DC600587F55 /* AddButtonTableViewCell.xib in Resources */ = {isa = PBXBuildFile; fileRef = C8668FFC2AD40DC600587F55 /* AddButtonTableViewCell.xib */; };
		C86690002AD40DFD00587F55 /* Checkbox.swift in Sources */ = {isa = PBXBuildFile; fileRef = C8668FFF2AD40DFD00587F55 /* Checkbox.swift */; };
		C86690022AD40E3600587F55 /* TableFooterView.swift in Sources */ = {isa = PBXBuildFile; fileRef = C86690012AD40E3600587F55 /* TableFooterView.swift */; };
		C86690042AD40E5300587F55 /* TableFooterView.xib in Resources */ = {isa = PBXBuildFile; fileRef = C86690032AD40E5300587F55 /* TableFooterView.xib */; };
		C86690062AD4102C00587F55 /* MemoDataModel.swift in Sources */ = {isa = PBXBuildFile; fileRef = C86690052AD4102C00587F55 /* MemoDataModel.swift */; };
		C86690082AD4105400587F55 /* MemoTitleModel.swift in Sources */ = {isa = PBXBuildFile; fileRef = C86690072AD4105400587F55 /* MemoTitleModel.swift */; };
		C8691C112AD3FFB100769DBF /* AppDelegate.swift in Sources */ = {isa = PBXBuildFile; fileRef = C8691C102AD3FFB100769DBF /* AppDelegate.swift */; };
		C8691C132AD3FFB100769DBF /* SceneDelegate.swift in Sources */ = {isa = PBXBuildFile; fileRef = C8691C122AD3FFB100769DBF /* SceneDelegate.swift */; };
		C8691C1A2AD3FFB500769DBF /* Assets.xcassets in Resources */ = {isa = PBXBuildFile; fileRef = C8691C192AD3FFB500769DBF /* Assets.xcassets */; };
		C8691C1D2AD3FFB500769DBF /* LaunchScreen.storyboard in Resources */ = {isa = PBXBuildFile; fileRef = C8691C1B2AD3FFB500769DBF /* LaunchScreen.storyboard */; };
		C8691C282AD3FFB600769DBF /* ReceiptShoppingAppTests.swift in Sources */ = {isa = PBXBuildFile; fileRef = C8691C272AD3FFB600769DBF /* ReceiptShoppingAppTests.swift */; };
		C8691C322AD3FFB600769DBF /* ReceiptShoppingAppUITests.swift in Sources */ = {isa = PBXBuildFile; fileRef = C8691C312AD3FFB600769DBF /* ReceiptShoppingAppUITests.swift */; };
		C8691C342AD3FFB600769DBF /* ReceiptShoppingAppUITestsLaunchTests.swift in Sources */ = {isa = PBXBuildFile; fileRef = C8691C332AD3FFB600769DBF /* ReceiptShoppingAppUITestsLaunchTests.swift */; };
		F38A45014B6EF44C02E22A40 /* Pods_ReceiptShoppingAppTests.framework in Frameworks */ = {isa = PBXBuildFile; fileRef = 75A29861A21886D6BC521660 /* Pods_ReceiptShoppingAppTests.framework */; };
		F87C1FD37F95C9C3E5A1465A /* Pods_ReceiptShoppingApp.framework in Frameworks */ = {isa = PBXBuildFile; fileRef = 5B73ED39DD623E31E38B34D2 /* Pods_ReceiptShoppingApp.framework */; };
/* End PBXBuildFile section */

/* Begin PBXContainerItemProxy section */
		C8691C242AD3FFB600769DBF /* PBXContainerItemProxy */ = {
			isa = PBXContainerItemProxy;
			containerPortal = C8691C052AD3FFB100769DBF /* Project object */;
			proxyType = 1;
			remoteGlobalIDString = C8691C0C2AD3FFB100769DBF;
			remoteInfo = ReceiptShoppingApp;
		};
		C8691C2E2AD3FFB600769DBF /* PBXContainerItemProxy */ = {
			isa = PBXContainerItemProxy;
			containerPortal = C8691C052AD3FFB100769DBF /* Project object */;
			proxyType = 1;
			remoteGlobalIDString = C8691C0C2AD3FFB100769DBF;
			remoteInfo = ReceiptShoppingApp;
		};
/* End PBXContainerItemProxy section */

/* Begin PBXFileReference section */
		107D9BAFAAF1C67874CEC732 /* Pods_ReceiptShoppingApp_ReceiptShoppingAppUITests.framework */ = {isa = PBXFileReference; explicitFileType = wrapper.framework; includeInIndex = 0; path = Pods_ReceiptShoppingApp_ReceiptShoppingAppUITests.framework; sourceTree = BUILT_PRODUCTS_DIR; };
		2620B351FA40BDA5AF9E1B6D /* Pods-ReceiptShoppingApp-ReceiptShoppingAppUITests.debug.xcconfig */ = {isa = PBXFileReference; includeInIndex = 1; lastKnownFileType = text.xcconfig; name = "Pods-ReceiptShoppingApp-ReceiptShoppingAppUITests.debug.xcconfig"; path = "Target Support Files/Pods-ReceiptShoppingApp-ReceiptShoppingAppUITests/Pods-ReceiptShoppingApp-ReceiptShoppingAppUITests.debug.xcconfig"; sourceTree = "<group>"; };
		2C8F7F00761D2F0B6D844E9C /* Pods-ReceiptShoppingApp.release.xcconfig */ = {isa = PBXFileReference; includeInIndex = 1; lastKnownFileType = text.xcconfig; name = "Pods-ReceiptShoppingApp.release.xcconfig"; path = "Target Support Files/Pods-ReceiptShoppingApp/Pods-ReceiptShoppingApp.release.xcconfig"; sourceTree = "<group>"; };
		36A8B14B341340D6A3EB23ED /* Pods-ReceiptShoppingApp-ReceiptShoppingAppUITests.release.xcconfig */ = {isa = PBXFileReference; includeInIndex = 1; lastKnownFileType = text.xcconfig; name = "Pods-ReceiptShoppingApp-ReceiptShoppingAppUITests.release.xcconfig"; path = "Target Support Files/Pods-ReceiptShoppingApp-ReceiptShoppingAppUITests/Pods-ReceiptShoppingApp-ReceiptShoppingAppUITests.release.xcconfig"; sourceTree = "<group>"; };
		4250C80650FA1D51D99FB26C /* Pods-ReceiptShoppingApp.debug.xcconfig */ = {isa = PBXFileReference; includeInIndex = 1; lastKnownFileType = text.xcconfig; name = "Pods-ReceiptShoppingApp.debug.xcconfig"; path = "Target Support Files/Pods-ReceiptShoppingApp/Pods-ReceiptShoppingApp.debug.xcconfig"; sourceTree = "<group>"; };
		475FF7FBAF0A18568409DBAC /* Pods-ReceiptShoppingAppTests.debug.xcconfig */ = {isa = PBXFileReference; includeInIndex = 1; lastKnownFileType = text.xcconfig; name = "Pods-ReceiptShoppingAppTests.debug.xcconfig"; path = "Target Support Files/Pods-ReceiptShoppingAppTests/Pods-ReceiptShoppingAppTests.debug.xcconfig"; sourceTree = "<group>"; };
		52D7AD308CDDFB4F0A2CBCA8 /* Pods-ReceiptShoppingAppTests.release.xcconfig */ = {isa = PBXFileReference; includeInIndex = 1; lastKnownFileType = text.xcconfig; name = "Pods-ReceiptShoppingAppTests.release.xcconfig"; path = "Target Support Files/Pods-ReceiptShoppingAppTests/Pods-ReceiptShoppingAppTests.release.xcconfig"; sourceTree = "<group>"; };
		5B73ED39DD623E31E38B34D2 /* Pods_ReceiptShoppingApp.framework */ = {isa = PBXFileReference; explicitFileType = wrapper.framework; includeInIndex = 0; name = Pods_ReceiptShoppingApp.framework; path = "../../../../../../../../../Users/winter/Library/Developer/Xcode/DerivedData/ReceiptShoppingApp-hcorqfzifjuqlheugwkpjrkiqgte/Build/Products/Debug-iphoneos/Pods_ReceiptShoppingApp.framework"; sourceTree = SDKROOT; };
		75A29861A21886D6BC521660 /* Pods_ReceiptShoppingAppTests.framework */ = {isa = PBXFileReference; explicitFileType = wrapper.framework; includeInIndex = 0; path = Pods_ReceiptShoppingAppTests.framework; sourceTree = BUILT_PRODUCTS_DIR; };
		B8277931483B1F2C7CE2C959 /* Pods_ReceiptShoppingApp.framework */ = {isa = PBXFileReference; explicitFileType = wrapper.framework; includeInIndex = 0; path = Pods_ReceiptShoppingApp.framework; sourceTree = BUILT_PRODUCTS_DIR; };
		C8668FEF2AD40CA300587F55 /* HomeViewController.swift */ = {isa = PBXFileReference; lastKnownFileType = sourcecode.swift; path = HomeViewController.swift; sourceTree = "<group>"; };
		C8668FF02AD40CA300587F55 /* HomeViewController.xib */ = {isa = PBXFileReference; lastKnownFileType = file.xib; path = HomeViewController.xib; sourceTree = "<group>"; };
		C8668FF32AD40D7400587F55 /* MemoDetailViewController.swift */ = {isa = PBXFileReference; lastKnownFileType = sourcecode.swift; path = MemoDetailViewController.swift; sourceTree = "<group>"; };
		C8668FF42AD40D7400587F55 /* MemoDetailViewController.xib */ = {isa = PBXFileReference; lastKnownFileType = file.xib; path = MemoDetailViewController.xib; sourceTree = "<group>"; };
		C8668FF72AD40D9000587F55 /* TableViewCell.swift */ = {isa = PBXFileReference; lastKnownFileType = sourcecode.swift; path = TableViewCell.swift; sourceTree = "<group>"; };
		C8668FF82AD40D9000587F55 /* TableViewCell.xib */ = {isa = PBXFileReference; lastKnownFileType = file.xib; path = TableViewCell.xib; sourceTree = "<group>"; };
		C8668FFB2AD40DC600587F55 /* AddButtonTableViewCell.swift */ = {isa = PBXFileReference; lastKnownFileType = sourcecode.swift; path = AddButtonTableViewCell.swift; sourceTree = "<group>"; };
		C8668FFC2AD40DC600587F55 /* AddButtonTableViewCell.xib */ = {isa = PBXFileReference; lastKnownFileType = file.xib; path = AddButtonTableViewCell.xib; sourceTree = "<group>"; };
		C8668FFF2AD40DFD00587F55 /* Checkbox.swift */ = {isa = PBXFileReference; lastKnownFileType = sourcecode.swift; path = Checkbox.swift; sourceTree = "<group>"; };
		C86690012AD40E3600587F55 /* TableFooterView.swift */ = {isa = PBXFileReference; lastKnownFileType = sourcecode.swift; path = TableFooterView.swift; sourceTree = "<group>"; };
		C86690032AD40E5300587F55 /* TableFooterView.xib */ = {isa = PBXFileReference; lastKnownFileType = file.xib; path = TableFooterView.xib; sourceTree = "<group>"; };
		C86690052AD4102C00587F55 /* MemoDataModel.swift */ = {isa = PBXFileReference; lastKnownFileType = sourcecode.swift; path = MemoDataModel.swift; sourceTree = "<group>"; };
		C86690072AD4105400587F55 /* MemoTitleModel.swift */ = {isa = PBXFileReference; lastKnownFileType = sourcecode.swift; path = MemoTitleModel.swift; sourceTree = "<group>"; };
		C8691C0D2AD3FFB100769DBF /* ReceiptShoppingApp.app */ = {isa = PBXFileReference; explicitFileType = wrapper.application; includeInIndex = 0; path = ReceiptShoppingApp.app; sourceTree = BUILT_PRODUCTS_DIR; };
		C8691C102AD3FFB100769DBF /* AppDelegate.swift */ = {isa = PBXFileReference; lastKnownFileType = sourcecode.swift; path = AppDelegate.swift; sourceTree = "<group>"; };
		C8691C122AD3FFB100769DBF /* SceneDelegate.swift */ = {isa = PBXFileReference; lastKnownFileType = sourcecode.swift; path = SceneDelegate.swift; sourceTree = "<group>"; };
		C8691C192AD3FFB500769DBF /* Assets.xcassets */ = {isa = PBXFileReference; lastKnownFileType = folder.assetcatalog; path = Assets.xcassets; sourceTree = "<group>"; };
		C8691C1C2AD3FFB500769DBF /* Base */ = {isa = PBXFileReference; lastKnownFileType = file.storyboard; name = Base; path = Base.lproj/LaunchScreen.storyboard; sourceTree = "<group>"; };
		C8691C1E2AD3FFB500769DBF /* Info.plist */ = {isa = PBXFileReference; lastKnownFileType = text.plist.xml; path = Info.plist; sourceTree = "<group>"; };
		C8691C232AD3FFB600769DBF /* ReceiptShoppingAppTests.xctest */ = {isa = PBXFileReference; explicitFileType = wrapper.cfbundle; includeInIndex = 0; path = ReceiptShoppingAppTests.xctest; sourceTree = BUILT_PRODUCTS_DIR; };
		C8691C272AD3FFB600769DBF /* ReceiptShoppingAppTests.swift */ = {isa = PBXFileReference; lastKnownFileType = sourcecode.swift; path = ReceiptShoppingAppTests.swift; sourceTree = "<group>"; };
		C8691C2D2AD3FFB600769DBF /* ReceiptShoppingAppUITests.xctest */ = {isa = PBXFileReference; explicitFileType = wrapper.cfbundle; includeInIndex = 0; path = ReceiptShoppingAppUITests.xctest; sourceTree = BUILT_PRODUCTS_DIR; };
		C8691C312AD3FFB600769DBF /* ReceiptShoppingAppUITests.swift */ = {isa = PBXFileReference; lastKnownFileType = sourcecode.swift; path = ReceiptShoppingAppUITests.swift; sourceTree = "<group>"; };
		C8691C332AD3FFB600769DBF /* ReceiptShoppingAppUITestsLaunchTests.swift */ = {isa = PBXFileReference; lastKnownFileType = sourcecode.swift; path = ReceiptShoppingAppUITestsLaunchTests.swift; sourceTree = "<group>"; };
/* End PBXFileReference section */

/* Begin PBXFrameworksBuildPhase section */
		C8691C0A2AD3FFB100769DBF /* Frameworks */ = {
			isa = PBXFrameworksBuildPhase;
			buildActionMask = 2147483647;
			files = (
				F87C1FD37F95C9C3E5A1465A /* Pods_ReceiptShoppingApp.framework in Frameworks */,
				427F9807191999956349F7AA /* Pods_ReceiptShoppingApp.framework in Frameworks */,
			);
			runOnlyForDeploymentPostprocessing = 0;
		};
		C8691C202AD3FFB600769DBF /* Frameworks */ = {
			isa = PBXFrameworksBuildPhase;
			buildActionMask = 2147483647;
			files = (
				F38A45014B6EF44C02E22A40 /* Pods_ReceiptShoppingAppTests.framework in Frameworks */,
			);
			runOnlyForDeploymentPostprocessing = 0;
		};
		C8691C2A2AD3FFB600769DBF /* Frameworks */ = {
			isa = PBXFrameworksBuildPhase;
			buildActionMask = 2147483647;
			files = (
				6321F9FF5A1B85687E80388E /* Pods_ReceiptShoppingApp_ReceiptShoppingAppUITests.framework in Frameworks */,
			);
			runOnlyForDeploymentPostprocessing = 0;
		};
/* End PBXFrameworksBuildPhase section */

/* Begin PBXGroup section */
		C5D9245C4DDBF986B7A481A1 /* Frameworks */ = {
			isa = PBXGroup;
			children = (
				5B73ED39DD623E31E38B34D2 /* Pods_ReceiptShoppingApp.framework */,
				107D9BAFAAF1C67874CEC732 /* Pods_ReceiptShoppingApp_ReceiptShoppingAppUITests.framework */,
				75A29861A21886D6BC521660 /* Pods_ReceiptShoppingAppTests.framework */,
				B8277931483B1F2C7CE2C959 /* Pods_ReceiptShoppingApp.framework */,
			);
			name = Frameworks;
			sourceTree = "<group>";
		};
		C8691C042AD3FFB100769DBF = {
			isa = PBXGroup;
			children = (
				C8691C0F2AD3FFB100769DBF /* ReceiptShoppingApp */,
				C8691C262AD3FFB600769DBF /* ReceiptShoppingAppTests */,
				C8691C302AD3FFB600769DBF /* ReceiptShoppingAppUITests */,
				C8691C0E2AD3FFB100769DBF /* Products */,
				F207DD1AD59B093CA0891499 /* Pods */,
				C5D9245C4DDBF986B7A481A1 /* Frameworks */,
			);
			sourceTree = "<group>";
		};
		C8691C0E2AD3FFB100769DBF /* Products */ = {
			isa = PBXGroup;
			children = (
				C8691C0D2AD3FFB100769DBF /* ReceiptShoppingApp.app */,
				C8691C232AD3FFB600769DBF /* ReceiptShoppingAppTests.xctest */,
				C8691C2D2AD3FFB600769DBF /* ReceiptShoppingAppUITests.xctest */,
			);
			name = Products;
			sourceTree = "<group>";
		};
		C8691C0F2AD3FFB100769DBF /* ReceiptShoppingApp */ = {
			isa = PBXGroup;
			children = (
				C8691C102AD3FFB100769DBF /* AppDelegate.swift */,
				C8691C122AD3FFB100769DBF /* SceneDelegate.swift */,
				C8668FEF2AD40CA300587F55 /* HomeViewController.swift */,
				C8668FF02AD40CA300587F55 /* HomeViewController.xib */,
				C86690052AD4102C00587F55 /* MemoDataModel.swift */,
				C86690072AD4105400587F55 /* MemoTitleModel.swift */,
				C8668FF32AD40D7400587F55 /* MemoDetailViewController.swift */,
				C8668FF42AD40D7400587F55 /* MemoDetailViewController.xib */,
				C8668FF72AD40D9000587F55 /* TableViewCell.swift */,
				C8668FF82AD40D9000587F55 /* TableViewCell.xib */,
				C8668FFB2AD40DC600587F55 /* AddButtonTableViewCell.swift */,
				C8668FFC2AD40DC600587F55 /* AddButtonTableViewCell.xib */,
				C8668FFF2AD40DFD00587F55 /* Checkbox.swift */,
				C86690012AD40E3600587F55 /* TableFooterView.swift */,
				C86690032AD40E5300587F55 /* TableFooterView.xib */,
				C8691C192AD3FFB500769DBF /* Assets.xcassets */,
				C8691C1B2AD3FFB500769DBF /* LaunchScreen.storyboard */,
				C8691C1E2AD3FFB500769DBF /* Info.plist */,
			);
			path = ReceiptShoppingApp;
			sourceTree = "<group>";
		};
		C8691C262AD3FFB600769DBF /* ReceiptShoppingAppTests */ = {
			isa = PBXGroup;
			children = (
				C8691C272AD3FFB600769DBF /* ReceiptShoppingAppTests.swift */,
			);
			path = ReceiptShoppingAppTests;
			sourceTree = "<group>";
		};
		C8691C302AD3FFB600769DBF /* ReceiptShoppingAppUITests */ = {
			isa = PBXGroup;
			children = (
				C8691C312AD3FFB600769DBF /* ReceiptShoppingAppUITests.swift */,
				C8691C332AD3FFB600769DBF /* ReceiptShoppingAppUITestsLaunchTests.swift */,
			);
			path = ReceiptShoppingAppUITests;
			sourceTree = "<group>";
		};
		F207DD1AD59B093CA0891499 /* Pods */ = {
			isa = PBXGroup;
			children = (
				4250C80650FA1D51D99FB26C /* Pods-ReceiptShoppingApp.debug.xcconfig */,
				2C8F7F00761D2F0B6D844E9C /* Pods-ReceiptShoppingApp.release.xcconfig */,
				2620B351FA40BDA5AF9E1B6D /* Pods-ReceiptShoppingApp-ReceiptShoppingAppUITests.debug.xcconfig */,
				36A8B14B341340D6A3EB23ED /* Pods-ReceiptShoppingApp-ReceiptShoppingAppUITests.release.xcconfig */,
				475FF7FBAF0A18568409DBAC /* Pods-ReceiptShoppingAppTests.debug.xcconfig */,
				52D7AD308CDDFB4F0A2CBCA8 /* Pods-ReceiptShoppingAppTests.release.xcconfig */,
			);
			path = Pods;
			sourceTree = "<group>";
		};
/* End PBXGroup section */

/* Begin PBXNativeTarget section */
		C8691C0C2AD3FFB100769DBF /* ReceiptShoppingApp */ = {
			isa = PBXNativeTarget;
			buildConfigurationList = C8691C372AD3FFB600769DBF /* Build configuration list for PBXNativeTarget "ReceiptShoppingApp" */;
			buildPhases = (
				14B452B336DBC98EEBF49AFB /* [CP] Check Pods Manifest.lock */,
				C8691C092AD3FFB100769DBF /* Sources */,
				C8691C0A2AD3FFB100769DBF /* Frameworks */,
				C8691C0B2AD3FFB100769DBF /* Resources */,
				6DBF1E01E4CBCD87092C3CB3 /* [CP] Embed Pods Frameworks */,
			);
			buildRules = (
			);
			dependencies = (
			);
			name = ReceiptShoppingApp;
			productName = ReceiptShoppingApp;
			productReference = C8691C0D2AD3FFB100769DBF /* ReceiptShoppingApp.app */;
			productType = "com.apple.product-type.application";
		};
		C8691C222AD3FFB600769DBF /* ReceiptShoppingAppTests */ = {
			isa = PBXNativeTarget;
			buildConfigurationList = C8691C3A2AD3FFB600769DBF /* Build configuration list for PBXNativeTarget "ReceiptShoppingAppTests" */;
			buildPhases = (
				56C3C4AB7ABC2F1B332C8D2D /* [CP] Check Pods Manifest.lock */,
				C8691C1F2AD3FFB600769DBF /* Sources */,
				C8691C202AD3FFB600769DBF /* Frameworks */,
				C8691C212AD3FFB600769DBF /* Resources */,
			);
			buildRules = (
			);
			dependencies = (
				C8691C252AD3FFB600769DBF /* PBXTargetDependency */,
			);
			name = ReceiptShoppingAppTests;
			productName = ReceiptShoppingAppTests;
			productReference = C8691C232AD3FFB600769DBF /* ReceiptShoppingAppTests.xctest */;
			productType = "com.apple.product-type.bundle.unit-test";
		};
		C8691C2C2AD3FFB600769DBF /* ReceiptShoppingAppUITests */ = {
			isa = PBXNativeTarget;
			buildConfigurationList = C8691C3D2AD3FFB600769DBF /* Build configuration list for PBXNativeTarget "ReceiptShoppingAppUITests" */;
			buildPhases = (
				0ADCC0F7A8F922FFFAB46921 /* [CP] Check Pods Manifest.lock */,
				C8691C292AD3FFB600769DBF /* Sources */,
				C8691C2A2AD3FFB600769DBF /* Frameworks */,
				C8691C2B2AD3FFB600769DBF /* Resources */,
				9BCE4182BCF5F910D3357C80 /* [CP] Embed Pods Frameworks */,
			);
			buildRules = (
			);
			dependencies = (
				C8691C2F2AD3FFB600769DBF /* PBXTargetDependency */,
			);
			name = ReceiptShoppingAppUITests;
			productName = ReceiptShoppingAppUITests;
			productReference = C8691C2D2AD3FFB600769DBF /* ReceiptShoppingAppUITests.xctest */;
			productType = "com.apple.product-type.bundle.ui-testing";
		};
/* End PBXNativeTarget section */

/* Begin PBXProject section */
		C8691C052AD3FFB100769DBF /* Project object */ = {
			isa = PBXProject;
			attributes = {
				BuildIndependentTargetsInParallel = 1;
				LastSwiftUpdateCheck = 1430;
				LastUpgradeCheck = 1430;
				TargetAttributes = {
					C8691C0C2AD3FFB100769DBF = {
						CreatedOnToolsVersion = 14.3.1;
					};
					C8691C222AD3FFB600769DBF = {
						CreatedOnToolsVersion = 14.3.1;
						TestTargetID = C8691C0C2AD3FFB100769DBF;
					};
					C8691C2C2AD3FFB600769DBF = {
						CreatedOnToolsVersion = 14.3.1;
						TestTargetID = C8691C0C2AD3FFB100769DBF;
					};
				};
			};
			buildConfigurationList = C8691C082AD3FFB100769DBF /* Build configuration list for PBXProject "ReceiptShoppingApp" */;
			compatibilityVersion = "Xcode 14.0";
			developmentRegion = en;
			hasScannedForEncodings = 0;
			knownRegions = (
				en,
				Base,
			);
			mainGroup = C8691C042AD3FFB100769DBF;
			productRefGroup = C8691C0E2AD3FFB100769DBF /* Products */;
			projectDirPath = "";
			projectRoot = "";
			targets = (
				C8691C0C2AD3FFB100769DBF /* ReceiptShoppingApp */,
				C8691C222AD3FFB600769DBF /* ReceiptShoppingAppTests */,
				C8691C2C2AD3FFB600769DBF /* ReceiptShoppingAppUITests */,
			);
		};
/* End PBXProject section */

/* Begin PBXResourcesBuildPhase section */
		C8691C0B2AD3FFB100769DBF /* Resources */ = {
			isa = PBXResourcesBuildPhase;
			buildActionMask = 2147483647;
			files = (
				C8691C1D2AD3FFB500769DBF /* LaunchScreen.storyboard in Resources */,
				C8668FFE2AD40DC600587F55 /* AddButtonTableViewCell.xib in Resources */,
				C8668FFA2AD40D9000587F55 /* TableViewCell.xib in Resources */,
				C86690042AD40E5300587F55 /* TableFooterView.xib in Resources */,
				C8668FF62AD40D7400587F55 /* MemoDetailViewController.xib in Resources */,
				C8691C1A2AD3FFB500769DBF /* Assets.xcassets in Resources */,
				C8668FF22AD40CA300587F55 /* HomeViewController.xib in Resources */,
			);
			runOnlyForDeploymentPostprocessing = 0;
		};
		C8691C212AD3FFB600769DBF /* Resources */ = {
			isa = PBXResourcesBuildPhase;
			buildActionMask = 2147483647;
			files = (
			);
			runOnlyForDeploymentPostprocessing = 0;
		};
		C8691C2B2AD3FFB600769DBF /* Resources */ = {
			isa = PBXResourcesBuildPhase;
			buildActionMask = 2147483647;
			files = (
			);
			runOnlyForDeploymentPostprocessing = 0;
		};
/* End PBXResourcesBuildPhase section */

/* Begin PBXShellScriptBuildPhase section */
		0ADCC0F7A8F922FFFAB46921 /* [CP] Check Pods Manifest.lock */ = {
			isa = PBXShellScriptBuildPhase;
			buildActionMask = 2147483647;
			files = (
			);
			inputFileListPaths = (
			);
			inputPaths = (
				"${PODS_PODFILE_DIR_PATH}/Podfile.lock",
				"${PODS_ROOT}/Manifest.lock",
			);
			name = "[CP] Check Pods Manifest.lock";
			outputFileListPaths = (
			);
			outputPaths = (
				"$(DERIVED_FILE_DIR)/Pods-ReceiptShoppingApp-ReceiptShoppingAppUITests-checkManifestLockResult.txt",
			);
			runOnlyForDeploymentPostprocessing = 0;
			shellPath = /bin/sh;
			shellScript = "diff \"${PODS_PODFILE_DIR_PATH}/Podfile.lock\" \"${PODS_ROOT}/Manifest.lock\" > /dev/null\nif [ $? != 0 ] ; then\n    # print error to STDERR\n    echo \"error: The sandbox is not in sync with the Podfile.lock. Run 'pod install' or update your CocoaPods installation.\" >&2\n    exit 1\nfi\n# This output is used by Xcode 'outputs' to avoid re-running this script phase.\necho \"SUCCESS\" > \"${SCRIPT_OUTPUT_FILE_0}\"\n";
			showEnvVarsInLog = 0;
		};
		14B452B336DBC98EEBF49AFB /* [CP] Check Pods Manifest.lock */ = {
			isa = PBXShellScriptBuildPhase;
			buildActionMask = 2147483647;
			files = (
			);
			inputFileListPaths = (
			);
			inputPaths = (
				"${PODS_PODFILE_DIR_PATH}/Podfile.lock",
				"${PODS_ROOT}/Manifest.lock",
			);
			name = "[CP] Check Pods Manifest.lock";
			outputFileListPaths = (
			);
			outputPaths = (
				"$(DERIVED_FILE_DIR)/Pods-ReceiptShoppingApp-checkManifestLockResult.txt",
			);
			runOnlyForDeploymentPostprocessing = 0;
			shellPath = /bin/sh;
			shellScript = "diff \"${PODS_PODFILE_DIR_PATH}/Podfile.lock\" \"${PODS_ROOT}/Manifest.lock\" > /dev/null\nif [ $? != 0 ] ; then\n    # print error to STDERR\n    echo \"error: The sandbox is not in sync with the Podfile.lock. Run 'pod install' or update your CocoaPods installation.\" >&2\n    exit 1\nfi\n# This output is used by Xcode 'outputs' to avoid re-running this script phase.\necho \"SUCCESS\" > \"${SCRIPT_OUTPUT_FILE_0}\"\n";
			showEnvVarsInLog = 0;
		};
		56C3C4AB7ABC2F1B332C8D2D /* [CP] Check Pods Manifest.lock */ = {
			isa = PBXShellScriptBuildPhase;
			buildActionMask = 2147483647;
			files = (
			);
			inputFileListPaths = (
			);
			inputPaths = (
				"${PODS_PODFILE_DIR_PATH}/Podfile.lock",
				"${PODS_ROOT}/Manifest.lock",
			);
			name = "[CP] Check Pods Manifest.lock";
			outputFileListPaths = (
			);
			outputPaths = (
				"$(DERIVED_FILE_DIR)/Pods-ReceiptShoppingAppTests-checkManifestLockResult.txt",
			);
			runOnlyForDeploymentPostprocessing = 0;
			shellPath = /bin/sh;
			shellScript = "diff \"${PODS_PODFILE_DIR_PATH}/Podfile.lock\" \"${PODS_ROOT}/Manifest.lock\" > /dev/null\nif [ $? != 0 ] ; then\n    # print error to STDERR\n    echo \"error: The sandbox is not in sync with the Podfile.lock. Run 'pod install' or update your CocoaPods installation.\" >&2\n    exit 1\nfi\n# This output is used by Xcode 'outputs' to avoid re-running this script phase.\necho \"SUCCESS\" > \"${SCRIPT_OUTPUT_FILE_0}\"\n";
			showEnvVarsInLog = 0;
		};
		6DBF1E01E4CBCD87092C3CB3 /* [CP] Embed Pods Frameworks */ = {
			isa = PBXShellScriptBuildPhase;
			buildActionMask = 2147483647;
			files = (
			);
			inputFileListPaths = (
				"${PODS_ROOT}/Target Support Files/Pods-ReceiptShoppingApp/Pods-ReceiptShoppingApp-frameworks-${CONFIGURATION}-input-files.xcfilelist",
			);
			name = "[CP] Embed Pods Frameworks";
			outputFileListPaths = (
				"${PODS_ROOT}/Target Support Files/Pods-ReceiptShoppingApp/Pods-ReceiptShoppingApp-frameworks-${CONFIGURATION}-output-files.xcfilelist",
			);
			runOnlyForDeploymentPostprocessing = 0;
			shellPath = /bin/sh;
			shellScript = "\"${PODS_ROOT}/Target Support Files/Pods-ReceiptShoppingApp/Pods-ReceiptShoppingApp-frameworks.sh\"\n";
			showEnvVarsInLog = 0;
		};
		9BCE4182BCF5F910D3357C80 /* [CP] Embed Pods Frameworks */ = {
			isa = PBXShellScriptBuildPhase;
			buildActionMask = 2147483647;
			files = (
			);
			inputFileListPaths = (
				"${PODS_ROOT}/Target Support Files/Pods-ReceiptShoppingApp-ReceiptShoppingAppUITests/Pods-ReceiptShoppingApp-ReceiptShoppingAppUITests-frameworks-${CONFIGURATION}-input-files.xcfilelist",
			);
			name = "[CP] Embed Pods Frameworks";
			outputFileListPaths = (
				"${PODS_ROOT}/Target Support Files/Pods-ReceiptShoppingApp-ReceiptShoppingAppUITests/Pods-ReceiptShoppingApp-ReceiptShoppingAppUITests-frameworks-${CONFIGURATION}-output-files.xcfilelist",
			);
			runOnlyForDeploymentPostprocessing = 0;
			shellPath = /bin/sh;
			shellScript = "\"${PODS_ROOT}/Target Support Files/Pods-ReceiptShoppingApp-ReceiptShoppingAppUITests/Pods-ReceiptShoppingApp-ReceiptShoppingAppUITests-frameworks.sh\"\n";
			showEnvVarsInLog = 0;
		};
/* End PBXShellScriptBuildPhase section */

/* Begin PBXSourcesBuildPhase section */
		C8691C092AD3FFB100769DBF /* Sources */ = {
			isa = PBXSourcesBuildPhase;
			buildActionMask = 2147483647;
			files = (
				C86690082AD4105400587F55 /* MemoTitleModel.swift in Sources */,
				C8668FF92AD40D9000587F55 /* TableViewCell.swift in Sources */,
				C8691C112AD3FFB100769DBF /* AppDelegate.swift in Sources */,
				C86690022AD40E3600587F55 /* TableFooterView.swift in Sources */,
				C8668FF52AD40D7400587F55 /* MemoDetailViewController.swift in Sources */,
				C86690062AD4102C00587F55 /* MemoDataModel.swift in Sources */,
				C8668FFD2AD40DC600587F55 /* AddButtonTableViewCell.swift in Sources */,
				C86690002AD40DFD00587F55 /* Checkbox.swift in Sources */,
				C8691C132AD3FFB100769DBF /* SceneDelegate.swift in Sources */,
				C8668FF12AD40CA300587F55 /* HomeViewController.swift in Sources */,
			);
			runOnlyForDeploymentPostprocessing = 0;
		};
		C8691C1F2AD3FFB600769DBF /* Sources */ = {
			isa = PBXSourcesBuildPhase;
			buildActionMask = 2147483647;
			files = (
				C8691C282AD3FFB600769DBF /* ReceiptShoppingAppTests.swift in Sources */,
			);
			runOnlyForDeploymentPostprocessing = 0;
		};
		C8691C292AD3FFB600769DBF /* Sources */ = {
			isa = PBXSourcesBuildPhase;
			buildActionMask = 2147483647;
			files = (
				C8691C322AD3FFB600769DBF /* ReceiptShoppingAppUITests.swift in Sources */,
				C8691C342AD3FFB600769DBF /* ReceiptShoppingAppUITestsLaunchTests.swift in Sources */,
			);
			runOnlyForDeploymentPostprocessing = 0;
		};
/* End PBXSourcesBuildPhase section */

/* Begin PBXTargetDependency section */
		C8691C252AD3FFB600769DBF /* PBXTargetDependency */ = {
			isa = PBXTargetDependency;
			target = C8691C0C2AD3FFB100769DBF /* ReceiptShoppingApp */;
			targetProxy = C8691C242AD3FFB600769DBF /* PBXContainerItemProxy */;
		};
		C8691C2F2AD3FFB600769DBF /* PBXTargetDependency */ = {
			isa = PBXTargetDependency;
			target = C8691C0C2AD3FFB100769DBF /* ReceiptShoppingApp */;
			targetProxy = C8691C2E2AD3FFB600769DBF /* PBXContainerItemProxy */;
		};
/* End PBXTargetDependency section */

/* Begin PBXVariantGroup section */
		C8691C1B2AD3FFB500769DBF /* LaunchScreen.storyboard */ = {
			isa = PBXVariantGroup;
			children = (
				C8691C1C2AD3FFB500769DBF /* Base */,
			);
			name = LaunchScreen.storyboard;
			sourceTree = "<group>";
		};
/* End PBXVariantGroup section */

/* Begin XCBuildConfiguration section */
		C8691C352AD3FFB600769DBF /* Debug */ = {
			isa = XCBuildConfiguration;
			buildSettings = {
				ALWAYS_SEARCH_USER_PATHS = NO;
				CLANG_ANALYZER_NONNULL = YES;
				CLANG_ANALYZER_NUMBER_OBJECT_CONVERSION = YES_AGGRESSIVE;
				CLANG_CXX_LANGUAGE_STANDARD = "gnu++20";
				CLANG_ENABLE_MODULES = YES;
				CLANG_ENABLE_OBJC_ARC = YES;
				CLANG_ENABLE_OBJC_WEAK = YES;
				CLANG_WARN_BLOCK_CAPTURE_AUTORELEASING = YES;
				CLANG_WARN_BOOL_CONVERSION = YES;
				CLANG_WARN_COMMA = YES;
				CLANG_WARN_CONSTANT_CONVERSION = YES;
				CLANG_WARN_DEPRECATED_OBJC_IMPLEMENTATIONS = YES;
				CLANG_WARN_DIRECT_OBJC_ISA_USAGE = YES_ERROR;
				CLANG_WARN_DOCUMENTATION_COMMENTS = YES;
				CLANG_WARN_EMPTY_BODY = YES;
				CLANG_WARN_ENUM_CONVERSION = YES;
				CLANG_WARN_INFINITE_RECURSION = YES;
				CLANG_WARN_INT_CONVERSION = YES;
				CLANG_WARN_NON_LITERAL_NULL_CONVERSION = YES;
				CLANG_WARN_OBJC_IMPLICIT_RETAIN_SELF = YES;
				CLANG_WARN_OBJC_LITERAL_CONVERSION = YES;
				CLANG_WARN_OBJC_ROOT_CLASS = YES_ERROR;
				CLANG_WARN_QUOTED_INCLUDE_IN_FRAMEWORK_HEADER = YES;
				CLANG_WARN_RANGE_LOOP_ANALYSIS = YES;
				CLANG_WARN_STRICT_PROTOTYPES = YES;
				CLANG_WARN_SUSPICIOUS_MOVE = YES;
				CLANG_WARN_UNGUARDED_AVAILABILITY = YES_AGGRESSIVE;
				CLANG_WARN_UNREACHABLE_CODE = YES;
				CLANG_WARN__DUPLICATE_METHOD_MATCH = YES;
				COPY_PHASE_STRIP = NO;
				DEBUG_INFORMATION_FORMAT = dwarf;
				ENABLE_STRICT_OBJC_MSGSEND = YES;
				ENABLE_TESTABILITY = YES;
				GCC_C_LANGUAGE_STANDARD = gnu11;
				GCC_DYNAMIC_NO_PIC = NO;
				GCC_NO_COMMON_BLOCKS = YES;
				GCC_OPTIMIZATION_LEVEL = 0;
				GCC_PREPROCESSOR_DEFINITIONS = (
					"DEBUG=1",
					"$(inherited)",
				);
				GCC_WARN_64_TO_32_BIT_CONVERSION = YES;
				GCC_WARN_ABOUT_RETURN_TYPE = YES_ERROR;
				GCC_WARN_UNDECLARED_SELECTOR = YES;
				GCC_WARN_UNINITIALIZED_AUTOS = YES_AGGRESSIVE;
				GCC_WARN_UNUSED_FUNCTION = YES;
				GCC_WARN_UNUSED_VARIABLE = YES;
				IPHONEOS_DEPLOYMENT_TARGET = 16.4;
				MTL_ENABLE_DEBUG_INFO = INCLUDE_SOURCE;
				MTL_FAST_MATH = YES;
				ONLY_ACTIVE_ARCH = YES;
				SDKROOT = iphoneos;
				SWIFT_ACTIVE_COMPILATION_CONDITIONS = DEBUG;
				SWIFT_OPTIMIZATION_LEVEL = "-Onone";
			};
			name = Debug;
		};
		C8691C362AD3FFB600769DBF /* Release */ = {
			isa = XCBuildConfiguration;
			buildSettings = {
				ALWAYS_SEARCH_USER_PATHS = NO;
				CLANG_ANALYZER_NONNULL = YES;
				CLANG_ANALYZER_NUMBER_OBJECT_CONVERSION = YES_AGGRESSIVE;
				CLANG_CXX_LANGUAGE_STANDARD = "gnu++20";
				CLANG_ENABLE_MODULES = YES;
				CLANG_ENABLE_OBJC_ARC = YES;
				CLANG_ENABLE_OBJC_WEAK = YES;
				CLANG_WARN_BLOCK_CAPTURE_AUTORELEASING = YES;
				CLANG_WARN_BOOL_CONVERSION = YES;
				CLANG_WARN_COMMA = YES;
				CLANG_WARN_CONSTANT_CONVERSION = YES;
				CLANG_WARN_DEPRECATED_OBJC_IMPLEMENTATIONS = YES;
				CLANG_WARN_DIRECT_OBJC_ISA_USAGE = YES_ERROR;
				CLANG_WARN_DOCUMENTATION_COMMENTS = YES;
				CLANG_WARN_EMPTY_BODY = YES;
				CLANG_WARN_ENUM_CONVERSION = YES;
				CLANG_WARN_INFINITE_RECURSION = YES;
				CLANG_WARN_INT_CONVERSION = YES;
				CLANG_WARN_NON_LITERAL_NULL_CONVERSION = YES;
				CLANG_WARN_OBJC_IMPLICIT_RETAIN_SELF = YES;
				CLANG_WARN_OBJC_LITERAL_CONVERSION = YES;
				CLANG_WARN_OBJC_ROOT_CLASS = YES_ERROR;
				CLANG_WARN_QUOTED_INCLUDE_IN_FRAMEWORK_HEADER = YES;
				CLANG_WARN_RANGE_LOOP_ANALYSIS = YES;
				CLANG_WARN_STRICT_PROTOTYPES = YES;
				CLANG_WARN_SUSPICIOUS_MOVE = YES;
				CLANG_WARN_UNGUARDED_AVAILABILITY = YES_AGGRESSIVE;
				CLANG_WARN_UNREACHABLE_CODE = YES;
				CLANG_WARN__DUPLICATE_METHOD_MATCH = YES;
				COPY_PHASE_STRIP = NO;
				DEBUG_INFORMATION_FORMAT = "dwarf-with-dsym";
				ENABLE_NS_ASSERTIONS = NO;
				ENABLE_STRICT_OBJC_MSGSEND = YES;
				GCC_C_LANGUAGE_STANDARD = gnu11;
				GCC_NO_COMMON_BLOCKS = YES;
				GCC_WARN_64_TO_32_BIT_CONVERSION = YES;
				GCC_WARN_ABOUT_RETURN_TYPE = YES_ERROR;
				GCC_WARN_UNDECLARED_SELECTOR = YES;
				GCC_WARN_UNINITIALIZED_AUTOS = YES_AGGRESSIVE;
				GCC_WARN_UNUSED_FUNCTION = YES;
				GCC_WARN_UNUSED_VARIABLE = YES;
				IPHONEOS_DEPLOYMENT_TARGET = 16.4;
				MTL_ENABLE_DEBUG_INFO = NO;
				MTL_FAST_MATH = YES;
				SDKROOT = iphoneos;
				SWIFT_COMPILATION_MODE = wholemodule;
				SWIFT_OPTIMIZATION_LEVEL = "-O";
				VALIDATE_PRODUCT = YES;
			};
			name = Release;
		};
		C8691C382AD3FFB600769DBF /* Debug */ = {
			isa = XCBuildConfiguration;
			baseConfigurationReference = 4250C80650FA1D51D99FB26C /* Pods-ReceiptShoppingApp.debug.xcconfig */;
			buildSettings = {
				ASSETCATALOG_COMPILER_APPICON_NAME = AppIcon;
				ASSETCATALOG_COMPILER_GLOBAL_ACCENT_COLOR_NAME = AccentColor;
				CODE_SIGN_IDENTITY = "Apple Development";
				CODE_SIGN_STYLE = Automatic;
				CURRENT_PROJECT_VERSION = 1;
				DEVELOPMENT_TEAM = A576YFG6SP;
				GENERATE_INFOPLIST_FILE = YES;
				INFOPLIST_FILE = ReceiptShoppingApp/Info.plist;
				INFOPLIST_KEY_UIApplicationSupportsIndirectInputEvents = YES;
				INFOPLIST_KEY_UILaunchStoryboardName = LaunchScreen;
				INFOPLIST_KEY_UIStatusBarStyle = "";
				INFOPLIST_KEY_UISupportedInterfaceOrientations_iPad = "UIInterfaceOrientationPortrait UIInterfaceOrientationPortraitUpsideDown UIInterfaceOrientationLandscapeLeft UIInterfaceOrientationLandscapeRight";
				INFOPLIST_KEY_UISupportedInterfaceOrientations_iPhone = "UIInterfaceOrientationPortrait UIInterfaceOrientationLandscapeLeft UIInterfaceOrientationLandscapeRight";
				IPHONEOS_DEPLOYMENT_TARGET = 16.4;
				LD_RUNPATH_SEARCH_PATHS = (
					"$(inherited)",
					"@executable_path/Frameworks",
				);
				MARKETING_VERSION = 1.1.1;
				NEW_SETTING = "";
				PRODUCT_BUNDLE_IDENTIFIER = com.oshige.dev.ReceiptShoppingApp;
				PRODUCT_NAME = "$(TARGET_NAME)";
				PROVISIONING_PROFILE_SPECIFIER = "";
				SWIFT_EMIT_LOC_STRINGS = YES;
				SWIFT_VERSION = 5.0;
				TARGETED_DEVICE_FAMILY = "1,2";
			};
			name = Debug;
		};
		C8691C392AD3FFB600769DBF /* Release */ = {
			isa = XCBuildConfiguration;
			baseConfigurationReference = 2C8F7F00761D2F0B6D844E9C /* Pods-ReceiptShoppingApp.release.xcconfig */;
			buildSettings = {
				ASSETCATALOG_COMPILER_APPICON_NAME = AppIcon;
				ASSETCATALOG_COMPILER_GLOBAL_ACCENT_COLOR_NAME = AccentColor;
				CODE_SIGN_IDENTITY = "Apple Development";
				CODE_SIGN_STYLE = Automatic;
				CURRENT_PROJECT_VERSION = 1;
				DEVELOPMENT_TEAM = A576YFG6SP;
				GENERATE_INFOPLIST_FILE = YES;
				INFOPLIST_FILE = ReceiptShoppingApp/Info.plist;
				INFOPLIST_KEY_UIApplicationSupportsIndirectInputEvents = YES;
				INFOPLIST_KEY_UILaunchStoryboardName = LaunchScreen;
				INFOPLIST_KEY_UIStatusBarStyle = "";
				INFOPLIST_KEY_UISupportedInterfaceOrientations_iPad = "UIInterfaceOrientationPortrait UIInterfaceOrientationPortraitUpsideDown UIInterfaceOrientationLandscapeLeft UIInterfaceOrientationLandscapeRight";
				INFOPLIST_KEY_UISupportedInterfaceOrientations_iPhone = "UIInterfaceOrientationPortrait UIInterfaceOrientationLandscapeLeft UIInterfaceOrientationLandscapeRight";
				IPHONEOS_DEPLOYMENT_TARGET = 16.4;
				LD_RUNPATH_SEARCH_PATHS = (
					"$(inherited)",
					"@executable_path/Frameworks",
				);
				MARKETING_VERSION = 1.1.1;
				NEW_SETTING = "";
				PRODUCT_BUNDLE_IDENTIFIER = com.oshige.dev.ReceiptShoppingApp;
				PRODUCT_NAME = "$(TARGET_NAME)";
				PROVISIONING_PROFILE_SPECIFIER = "";
				SWIFT_EMIT_LOC_STRINGS = YES;
				SWIFT_VERSION = 5.0;
				TARGETED_DEVICE_FAMILY = "1,2";
			};
			name = Release;
		};
		C8691C3B2AD3FFB600769DBF /* Debug */ = {
			isa = XCBuildConfiguration;
			baseConfigurationReference = 475FF7FBAF0A18568409DBAC /* Pods-ReceiptShoppingAppTests.debug.xcconfig */;
			buildSettings = {
				ALWAYS_EMBED_SWIFT_STANDARD_LIBRARIES = YES;
				BUNDLE_LOADER = "$(TEST_HOST)";
				CODE_SIGN_STYLE = Automatic;
				CURRENT_PROJECT_VERSION = 1;
				DEVELOPMENT_TEAM = A576YFG6SP;
				GENERATE_INFOPLIST_FILE = YES;
				IPHONEOS_DEPLOYMENT_TARGET = 16.4;
				MARKETING_VERSION = 1.0;
				PRODUCT_BUNDLE_IDENTIFIER = com.oshige.dev.ReceiptShoppingAppTests;
				PRODUCT_NAME = "$(TARGET_NAME)";
				SWIFT_EMIT_LOC_STRINGS = NO;
				SWIFT_VERSION = 5.0;
				TARGETED_DEVICE_FAMILY = "1,2";
				TEST_HOST = "$(BUILT_PRODUCTS_DIR)/ReceiptShoppingApp.app/$(BUNDLE_EXECUTABLE_FOLDER_PATH)/ReceiptShoppingApp";
			};
			name = Debug;
		};
		C8691C3C2AD3FFB600769DBF /* Release */ = {
			isa = XCBuildConfiguration;
			baseConfigurationReference = 52D7AD308CDDFB4F0A2CBCA8 /* Pods-ReceiptShoppingAppTests.release.xcconfig */;
			buildSettings = {
				ALWAYS_EMBED_SWIFT_STANDARD_LIBRARIES = YES;
				BUNDLE_LOADER = "$(TEST_HOST)";
				CODE_SIGN_STYLE = Automatic;
				CURRENT_PROJECT_VERSION = 1;
				DEVELOPMENT_TEAM = A576YFG6SP;
				GENERATE_INFOPLIST_FILE = YES;
				IPHONEOS_DEPLOYMENT_TARGET = 16.4;
				MARKETING_VERSION = 1.0;
				PRODUCT_BUNDLE_IDENTIFIER = com.oshige.dev.ReceiptShoppingAppTests;
				PRODUCT_NAME = "$(TARGET_NAME)";
				SWIFT_EMIT_LOC_STRINGS = NO;
				SWIFT_VERSION = 5.0;
				TARGETED_DEVICE_FAMILY = "1,2";
				TEST_HOST = "$(BUILT_PRODUCTS_DIR)/ReceiptShoppingApp.app/$(BUNDLE_EXECUTABLE_FOLDER_PATH)/ReceiptShoppingApp";
			};
			name = Release;
		};
		C8691C3E2AD3FFB600769DBF /* Debug */ = {
			isa = XCBuildConfiguration;
			baseConfigurationReference = 2620B351FA40BDA5AF9E1B6D /* Pods-ReceiptShoppingApp-ReceiptShoppingAppUITests.debug.xcconfig */;
			buildSettings = {
				ALWAYS_EMBED_SWIFT_STANDARD_LIBRARIES = YES;
				CODE_SIGN_STYLE = Automatic;
				CURRENT_PROJECT_VERSION = 1;
				DEVELOPMENT_TEAM = A576YFG6SP;
				GENERATE_INFOPLIST_FILE = YES;
				MARKETING_VERSION = 1.0;
				PRODUCT_BUNDLE_IDENTIFIER = com.oshige.dev.ReceiptShoppingAppUITests;
				PRODUCT_NAME = "$(TARGET_NAME)";
				SWIFT_EMIT_LOC_STRINGS = NO;
				SWIFT_VERSION = 5.0;
				TARGETED_DEVICE_FAMILY = "1,2";
				TEST_TARGET_NAME = ReceiptShoppingApp;
			};
			name = Debug;
		};
		C8691C3F2AD3FFB600769DBF /* Release */ = {
			isa = XCBuildConfiguration;
			baseConfigurationReference = 36A8B14B341340D6A3EB23ED /* Pods-ReceiptShoppingApp-ReceiptShoppingAppUITests.release.xcconfig */;
			buildSettings = {
				ALWAYS_EMBED_SWIFT_STANDARD_LIBRARIES = YES;
				CODE_SIGN_STYLE = Automatic;
				CURRENT_PROJECT_VERSION = 1;
				DEVELOPMENT_TEAM = A576YFG6SP;
				GENERATE_INFOPLIST_FILE = YES;
				MARKETING_VERSION = 1.0;
				PRODUCT_BUNDLE_IDENTIFIER = com.oshige.dev.ReceiptShoppingAppUITests;
				PRODUCT_NAME = "$(TARGET_NAME)";
				SWIFT_EMIT_LOC_STRINGS = NO;
				SWIFT_VERSION = 5.0;
				TARGETED_DEVICE_FAMILY = "1,2";
				TEST_TARGET_NAME = ReceiptShoppingApp;
			};
			name = Release;
		};
/* End XCBuildConfiguration section */

/* Begin XCConfigurationList section */
		C8691C082AD3FFB100769DBF /* Build configuration list for PBXProject "ReceiptShoppingApp" */ = {
			isa = XCConfigurationList;
			buildConfigurations = (
				C8691C352AD3FFB600769DBF /* Debug */,
				C8691C362AD3FFB600769DBF /* Release */,
			);
			defaultConfigurationIsVisible = 0;
			defaultConfigurationName = Release;
		};
		C8691C372AD3FFB600769DBF /* Build configuration list for PBXNativeTarget "ReceiptShoppingApp" */ = {
			isa = XCConfigurationList;
			buildConfigurations = (
				C8691C382AD3FFB600769DBF /* Debug */,
				C8691C392AD3FFB600769DBF /* Release */,
			);
			defaultConfigurationIsVisible = 0;
			defaultConfigurationName = Release;
		};
		C8691C3A2AD3FFB600769DBF /* Build configuration list for PBXNativeTarget "ReceiptShoppingAppTests" */ = {
			isa = XCConfigurationList;
			buildConfigurations = (
				C8691C3B2AD3FFB600769DBF /* Debug */,
				C8691C3C2AD3FFB600769DBF /* Release */,
			);
			defaultConfigurationIsVisible = 0;
			defaultConfigurationName = Release;
		};
		C8691C3D2AD3FFB600769DBF /* Build configuration list for PBXNativeTarget "ReceiptShoppingAppUITests" */ = {
			isa = XCConfigurationList;
			buildConfigurations = (
				C8691C3E2AD3FFB600769DBF /* Debug */,
				C8691C3F2AD3FFB600769DBF /* Release */,
			);
			defaultConfigurationIsVisible = 0;
			defaultConfigurationName = Release;
		};
/* End XCConfigurationList section */
	};
	rootObject = C8691C052AD3FFB100769DBF /* Project object */;
}
